{
  "name": "anticore-utils",
  "version": "0.0.5",
  "lockfileVersion": 1,
  "requires": true,
  "dependencies": {
    "anticore-apis": {
      "version": "0.0.5",
      "resolved": "https://registry.npmjs.org/anticore-apis/-/anticore-apis-0.0.5.tgz",
      "integrity": "sha512-Uz3jFlByQWJ7TwlBfRrApEtqOObuVh210YLaeEmRiaZU7eiX/sDAPMxK2gdmNpaR/RX0YeyjnRE+my62FLUaKw==",
      "requires": {
        "anticore-core": "0.0.7"
      }
    },
    "anticore-core": {
      "version": "0.0.7",
      "resolved": "https://registry.npmjs.org/anticore-core/-/anticore-core-0.0.7.tgz",
      "integrity": "sha512-OwOJkq7A5SrY3/hUfZCQfxDg2gVNxymMH0v/KTvbBoDTYvmVZ/sAAmww8hMnARU9hvUdop9cbgim8od9q9qRow=="
    }
  }
}
