{
  "name": "anticore-utils",
  "version": "0.0.9",
  "lockfileVersion": 1,
  "requires": true,
  "dependencies": {
    "anticore-apis": {
      "version": "0.0.10",
      "resolved": "https://registry.npmjs.org/anticore-apis/-/anticore-apis-0.0.10.tgz",
      "integrity": "sha512-5XcUG6gkKDMZKn2RkUiZP8488RiavZFlhoTvuZpG3Zang88HT4lct9RmlbaCJgfLsJGQElon8UUc7xish/UrBQ==",
      "requires": {
        "anticore-core": "0.0.15"
      }
    },
    "anticore-core": {
      "version": "0.0.15",
      "resolved": "https://registry.npmjs.org/anticore-core/-/anticore-core-0.0.15.tgz",
      "integrity": "sha512-7yJJNABSRm5Ad59e4pTpah/Hgf8liGiClRi8Ud1c2jTBYGJe/YwcxiFmnr+i5+P5XmDoUp2SV5FAJ2idksjBVg=="
    }
  }
}
