{
  "name": "anticore-utils",
  "version": "0.0.6",
  "lockfileVersion": 1,
  "requires": true,
  "dependencies": {
    "anticore-apis": {
      "version": "0.0.6",
      "resolved": "https://registry.npmjs.org/anticore-apis/-/anticore-apis-0.0.6.tgz",
      "integrity": "sha512-gWQH4zeK+3UQULwylnMej/Ati/XmCLCev34k6w7K2wXCY5KIy9u8IovYsJOsegE0YBbrZBuyp3llQgKF3sgRMw==",
      "requires": {
        "anticore-core": "0.0.13"
      }
    },
    "anticore-core": {
      "version": "0.0.13",
      "resolved": "https://registry.npmjs.org/anticore-core/-/anticore-core-0.0.13.tgz",
      "integrity": "sha512-yr4xpPEIDo7MjZiLyeELoasRrcJoDEhoCd7alt41L1Mvj9oN/TT+jmsaLXvJs3vXwyMNBxQJBkO9BhcwiFPZmQ=="
    }
  }
}
